// !$*UTF8*$!
{
	archiveVersion = 1;
	classes = {
	};
	objectVersion = 77;
	objects = {

/* Begin PBXContainerItemProxy section */
		DAFFCD862DA18C07002AA224 /* PBXContainerItemProxy */ = {
			isa = PBXContainerItemProxy;
			containerPortal = DAFFCD6C2DA18C05002AA224 /* Project object */;
			proxyType = 1;
			remoteGlobalIDString = DAFFCD732DA18C05002AA224;
			remoteInfo = TI_1lab;
		};
		DAFFCD902DA18C07002AA224 /* PBXContainerItemProxy */ = {
			isa = PBXContainerItemProxy;
			containerPortal = DAFFCD6C2DA18C05002AA224 /* Project object */;
			proxyType = 1;
			remoteGlobalIDString = DAFFCD732DA18C05002AA224;
			remoteInfo = TI_1lab;
		};
/* End PBXContainerItemProxy section */

/* Begin PBXFileReference section */
		DAFFCD742DA18C05002AA224 /* TI_1lab.app */ = {isa = PBXFileReference; explicitFileType = wrapper.application; includeInIndex = 0; path = TI_1lab.app; sourceTree = BUILT_PRODUCTS_DIR; };
		DAFFCD852DA18C07002AA224 /* TI_1labTests.xctest */ = {isa = PBXFileReference; explicitFileType = wrapper.cfbundle; includeInIndex = 0; path = TI_1labTests.xctest; sourceTree = BUILT_PRODUCTS_DIR; };
		DAFFCD8F2DA18C07002AA224 /* TI_1labUITests.xctest */ = {isa = PBXFileReference; explicitFileType = wrapper.cfbundle; includeInIndex = 0; path = TI_1labUITests.xctest; sourceTree = BUILT_PRODUCTS_DIR; };
/* End PBXFileReference section */

/* Begin PBXFileSystemSynchronizedRootGroup section */
		DAFFCD762DA18C05002AA224 /* TI_1lab */ = {
			isa = PBXFileSystemSynchronizedRootGroup;
			path = TI_1lab;
			sourceTree = "<group>";
		};
		DAFFCD882DA18C07002AA224 /* TI_1labTests */ = {
			isa = PBXFileSystemSynchronizedRootGroup;
			path = TI_1labTests;
			sourceTree = "<group>";
		};
		DAFFCD922DA18C07002AA224 /* TI_1labUITests */ = {
			isa = PBXFileSystemSynchronizedRootGroup;
			path = TI_1labUITests;
			sourceTree = "<group>";
		};
/* End PBXFileSystemSynchronizedRootGroup section */

/* Begin PBXFrameworksBuildPhase section */
		DAFFCD712DA18C05002AA224 /* Frameworks */ = {
			isa = PBXFrameworksBuildPhase;
			buildActionMask = 2147483647;
			files = (
			);
			runOnlyForDeploymentPostprocessing = 0;
		};
		DAFFCD822DA18C07002AA224 /* Frameworks */ = {
			isa = PBXFrameworksBuildPhase;
			buildActionMask = 2147483647;
			files = (
			);
			runOnlyForDeploymentPostprocessing = 0;
		};
		DAFFCD8C2DA18C07002AA224 /* Frameworks */ = {
			isa = PBXFrameworksBuildPhase;
			buildActionMask = 2147483647;
			files = (
			);
			runOnlyForDeploymentPostprocessing = 0;
		};
/* End PBXFrameworksBuildPhase section */

/* Begin PBXGroup section */
		DAFFCD6B2DA18C05002AA224 = {
			isa = PBXGroup;
			children = (
				DAFFCD762DA18C05002AA224 /* TI_1lab */,
				DAFFCD882DA18C07002AA224 /* TI_1labTests */,
				DAFFCD922DA18C07002AA224 /* TI_1labUITests */,
				DAFFCD752DA18C05002AA224 /* Products */,
			);
			sourceTree = "<group>";
		};
		DAFFCD752DA18C05002AA224 /* Products */ = {
			isa = PBXGroup;
			children = (
				DAFFCD742DA18C05002AA224 /* TI_1lab.app */,
				DAFFCD852DA18C07002AA224 /* TI_1labTests.xctest */,
				DAFFCD8F2DA18C07002AA224 /* TI_1labUITests.xctest */,
			);
			name = Products;
			sourceTree = "<group>";
		};
/* End PBXGroup section */

/* Begin PBXNativeTarget section */
		DAFFCD732DA18C05002AA224 /* TI_1lab */ = {
			isa = PBXNativeTarget;
			buildConfigurationList = DAFFCD992DA18C07002AA224 /* Build configuration list for PBXNativeTarget "TI_1lab" */;
			buildPhases = (
				DAFFCD702DA18C05002AA224 /* Sources */,
				DAFFCD712DA18C05002AA224 /* Frameworks */,
				DAFFCD722DA18C05002AA224 /* Resources */,
			);
			buildRules = (
			);
			dependencies = (
			);
			fileSystemSynchronizedGroups = (
				DAFFCD762DA18C05002AA224 /* TI_1lab */,
			);
			name = TI_1lab;
			packageProductDependencies = (
			);
			productName = TI_1lab;
			productReference = DAFFCD742DA18C05002AA224 /* TI_1lab.app */;
			productType = "com.apple.product-type.application";
		};
		DAFFCD842DA18C07002AA224 /* TI_1labTests */ = {
			isa = PBXNativeTarget;
			buildConfigurationList = DAFFCD9C2DA18C07002AA224 /* Build configuration list for PBXNativeTarget "TI_1labTests" */;
			buildPhases = (
				DAFFCD812DA18C07002AA224 /* Sources */,
				DAFFCD822DA18C07002AA224 /* Frameworks */,
				DAFFCD832DA18C07002AA224 /* Resources */,
			);
			buildRules = (
			);
			dependencies = (
				DAFFCD872DA18C07002AA224 /* PBXTargetDependency */,
			);
			fileSystemSynchronizedGroups = (
				DAFFCD882DA18C07002AA224 /* TI_1labTests */,
			);
			name = TI_1labTests;
			packageProductDependencies = (
			);
			productName = TI_1labTests;
			productReference = DAFFCD852DA18C07002AA224 /* TI_1labTests.xctest */;
			productType = "com.apple.product-type.bundle.unit-test";
		};
		DAFFCD8E2DA18C07002AA224 /* TI_1labUITests */ = {
			isa = PBXNativeTarget;
			buildConfigurationList = DAFFCD9F2DA18C07002AA224 /* Build configuration list for PBXNativeTarget "TI_1labUITests" */;
			buildPhases = (
				DAFFCD8B2DA18C07002AA224 /* Sources */,
				DAFFCD8C2DA18C07002AA224 /* Frameworks */,
				DAFFCD8D2DA18C07002AA224 /* Resources */,
			);
			buildRules = (
			);
			dependencies = (
				DAFFCD912DA18C07002AA224 /* PBXTargetDependency */,
			);
			fileSystemSynchronizedGroups = (
				DAFFCD922DA18C07002AA224 /* TI_1labUITests */,
			);
			name = TI_1labUITests;
			packageProductDependencies = (
			);
			productName = TI_1labUITests;
			productReference = DAFFCD8F2DA18C07002AA224 /* TI_1labUITests.xctest */;
			productType = "com.apple.product-type.bundle.ui-testing";
		};
/* End PBXNativeTarget section */

/* Begin PBXProject section */
		DAFFCD6C2DA18C05002AA224 /* Project object */ = {
			isa = PBXProject;
			attributes = {
				BuildIndependentTargetsInParallel = 1;
				LastSwiftUpdateCheck = 1620;
				LastUpgradeCheck = 1620;
				TargetAttributes = {
					DAFFCD732DA18C05002AA224 = {
						CreatedOnToolsVersion = 16.2;
					};
					DAFFCD842DA18C07002AA224 = {
						CreatedOnToolsVersion = 16.2;
						TestTargetID = DAFFCD732DA18C05002AA224;
					};
					DAFFCD8E2DA18C07002AA224 = {
						CreatedOnToolsVersion = 16.2;
						TestTargetID = DAFFCD732DA18C05002AA224;
					};
				};
			};
			buildConfigurationList = DAFFCD6F2DA18C05002AA224 /* Build configuration list for PBXProject "TI_1lab" */;
			developmentRegion = en;
			hasScannedForEncodings = 0;
			knownRegions = (
				en,
				Base,
			);
			mainGroup = DAFFCD6B2DA18C05002AA224;
			minimizedProjectReferenceProxies = 1;
			preferredProjectObjectVersion = 77;
			productRefGroup = DAFFCD752DA18C05002AA224 /* Products */;
			projectDirPath = "";
			projectRoot = "";
			targets = (
				DAFFCD732DA18C05002AA224 /* TI_1lab */,
				DAFFCD842DA18C07002AA224 /* TI_1labTests */,
				DAFFCD8E2DA18C07002AA224 /* TI_1labUITests */,
			);
		};
/* End PBXProject section */

/* Begin PBXResourcesBuildPhase section */
		DAFFCD722DA18C05002AA224 /* Resources */ = {
			isa = PBXResourcesBuildPhase;
			buildActionMask = 2147483647;
			files = (
			);
			runOnlyForDeploymentPostprocessing = 0;
		};
		DAFFCD832DA18C07002AA224 /* Resources */ = {
			isa = PBXResourcesBuildPhase;
			buildActionMask = 2147483647;
			files = (
			);
			runOnlyForDeploymentPostprocessing = 0;
		};
		DAFFCD8D2DA18C07002AA224 /* Resources */ = {
			isa = PBXResourcesBuildPhase;
			buildActionMask = 2147483647;
			files = (
			);
			runOnlyForDeploymentPostprocessing = 0;
		};
/* End PBXResourcesBuildPhase section */

/* Begin PBXSourcesBuildPhase section */
		DAFFCD702DA18C05002AA224 /* Sources */ = {
			isa = PBXSourcesBuildPhase;
			buildActionMask = 2147483647;
			files = (
			);
			runOnlyForDeploymentPostprocessing = 0;
		};
		DAFFCD812DA18C07002AA224 /* Sources */ = {
			isa = PBXSourcesBuildPhase;
			buildActionMask = 2147483647;
			files = (
			);
			runOnlyForDeploymentPostprocessing = 0;
		};
		DAFFCD8B2DA18C07002AA224 /* Sources */ = {
			isa = PBXSourcesBuildPhase;
			buildActionMask = 2147483647;
			files = (
			);
			runOnlyForDeploymentPostprocessing = 0;
		};
/* End PBXSourcesBuildPhase section */

/* Begin PBXTargetDependency section */
		DAFFCD872DA18C07002AA224 /* PBXTargetDependency */ = {
			isa = PBXTargetDependency;
			target = DAFFCD732DA18C05002AA224 /* TI_1lab */;
			targetProxy = DAFFCD862DA18C07002AA224 /* PBXContainerItemProxy */;
		};
		DAFFCD912DA18C07002AA224 /* PBXTargetDependency */ = {
			isa = PBXTargetDependency;
			target = DAFFCD732DA18C05002AA224 /* TI_1lab */;
			targetProxy = DAFFCD902DA18C07002AA224 /* PBXContainerItemProxy */;
		};
/* End PBXTargetDependency section */

/* Begin XCBuildConfiguration section */
		DAFFCD972DA18C07002AA224 /* Debug */ = {
			isa = XCBuildConfiguration;
			buildSettings = {
				ALWAYS_SEARCH_USER_PATHS = NO;
				ASSETCATALOG_COMPILER_GENERATE_SWIFT_ASSET_SYMBOL_EXTENSIONS = YES;
				CLANG_ANALYZER_NONNULL = YES;
				CLANG_ANALYZER_NUMBER_OBJECT_CONVERSION = YES_AGGRESSIVE;
				CLANG_CXX_LANGUAGE_STANDARD = "gnu++20";
				CLANG_ENABLE_MODULES = YES;
				CLANG_ENABLE_OBJC_ARC = YES;
				CLANG_ENABLE_OBJC_WEAK = YES;
				CLANG_WARN_BLOCK_CAPTURE_AUTORELEASING = YES;
				CLANG_WARN_BOOL_CONVERSION = YES;
				CLANG_WARN_COMMA = YES;
				CLANG_WARN_CONSTANT_CONVERSION = YES;
				CLANG_WARN_DEPRECATED_OBJC_IMPLEMENTATIONS = YES;
				CLANG_WARN_DIRECT_OBJC_ISA_USAGE = YES_ERROR;
				CLANG_WARN_DOCUMENTATION_COMMENTS = YES;
				CLANG_WARN_EMPTY_BODY = YES;
				CLANG_WARN_ENUM_CONVERSION = YES;
				CLANG_WARN_INFINITE_RECURSION = YES;
				CLANG_WARN_INT_CONVERSION = YES;
				CLANG_WARN_NON_LITERAL_NULL_CONVERSION = YES;
				CLANG_WARN_OBJC_IMPLICIT_RETAIN_SELF = YES;
				CLANG_WARN_OBJC_LITERAL_CONVERSION = YES;
				CLANG_WARN_OBJC_ROOT_CLASS = YES_ERROR;
				CLANG_WARN_QUOTED_INCLUDE_IN_FRAMEWORK_HEADER = YES;
				CLANG_WARN_RANGE_LOOP_ANALYSIS = YES;
				CLANG_WARN_STRICT_PROTOTYPES = YES;
				CLANG_WARN_SUSPICIOUS_MOVE = YES;
				CLANG_WARN_UNGUARDED_AVAILABILITY = YES_AGGRESSIVE;
				CLANG_WARN_UNREACHABLE_CODE = YES;
				CLANG_WARN__DUPLICATE_METHOD_MATCH = YES;
				COPY_PHASE_STRIP = NO;
				DEBUG_INFORMATION_FORMAT = dwarf;
				ENABLE_STRICT_OBJC_MSGSEND = YES;
				ENABLE_TESTABILITY = YES;
				ENABLE_USER_SCRIPT_SANDBOXING = YES;
				GCC_C_LANGUAGE_STANDARD = gnu17;
				GCC_DYNAMIC_NO_PIC = NO;
				GCC_NO_COMMON_BLOCKS = YES;
				GCC_OPTIMIZATION_LEVEL = 0;
				GCC_PREPROCESSOR_DEFINITIONS = (
					"DEBUG=1",
					"$(inherited)",
				);
				GCC_WARN_64_TO_32_BIT_CONVERSION = YES;
				GCC_WARN_ABOUT_RETURN_TYPE = YES_ERROR;
				GCC_WARN_UNDECLARED_SELECTOR = YES;
				GCC_WARN_UNINITIALIZED_AUTOS = YES_AGGRESSIVE;
				GCC_WARN_UNUSED_FUNCTION = YES;
				GCC_WARN_UNUSED_VARIABLE = YES;
				LOCALIZATION_PREFERS_STRING_CATALOGS = YES;
				MACOSX_DEPLOYMENT_TARGET = 15.2;
				MTL_ENABLE_DEBUG_INFO = INCLUDE_SOURCE;
				MTL_FAST_MATH = YES;
				ONLY_ACTIVE_ARCH = YES;
				SDKROOT = macosx;
				SWIFT_ACTIVE_COMPILATION_CONDITIONS = "DEBUG $(inherited)";
				SWIFT_OPTIMIZATION_LEVEL = "-Onone";
			};
			name = Debug;
		};
		DAFFCD982DA18C07002AA224 /* Release */ = {
			isa = XCBuildConfiguration;
			buildSettings = {
				ALWAYS_SEARCH_USER_PATHS = NO;
				ASSETCATALOG_COMPILER_GENERATE_SWIFT_ASSET_SYMBOL_EXTENSIONS = YES;
				CLANG_ANALYZER_NONNULL = YES;
				CLANG_ANALYZER_NUMBER_OBJECT_CONVERSION = YES_AGGRESSIVE;
				CLANG_CXX_LANGUAGE_STANDARD = "gnu++20";
				CLANG_ENABLE_MODULES = YES;
				CLANG_ENABLE_OBJC_ARC = YES;
				CLANG_ENABLE_OBJC_WEAK = YES;
				CLANG_WARN_BLOCK_CAPTURE_AUTORELEASING = YES;
				CLANG_WARN_BOOL_CONVERSION = YES;
				CLANG_WARN_COMMA = YES;
				CLANG_WARN_CONSTANT_CONVERSION = YES;
				CLANG_WARN_DEPRECATED_OBJC_IMPLEMENTATIONS = YES;
				CLANG_WARN_DIRECT_OBJC_ISA_USAGE = YES_ERROR;
				CLANG_WARN_DOCUMENTATION_COMMENTS = YES;
				CLANG_WARN_EMPTY_BODY = YES;
				CLANG_WARN_ENUM_CONVERSION = YES;
				CLANG_WARN_INFINITE_RECURSION = YES;
				CLANG_WARN_INT_CONVERSION = YES;
				CLANG_WARN_NON_LITERAL_NULL_CONVERSION = YES;
				CLANG_WARN_OBJC_IMPLICIT_RETAIN_SELF = YES;
				CLANG_WARN_OBJC_LITERAL_CONVERSION = YES;
				CLANG_WARN_OBJC_ROOT_CLASS = YES_ERROR;
				CLANG_WARN_QUOTED_INCLUDE_IN_FRAMEWORK_HEADER = YES;
				CLANG_WARN_RANGE_LOOP_ANALYSIS = YES;
				CLANG_WARN_STRICT_PROTOTYPES = YES;
				CLANG_WARN_SUSPICIOUS_MOVE = YES;
				CLANG_WARN_UNGUARDED_AVAILABILITY = YES_AGGRESSIVE;
				CLANG_WARN_UNREACHABLE_CODE = YES;
				CLANG_WARN__DUPLICATE_METHOD_MATCH = YES;
				COPY_PHASE_STRIP = NO;
				DEBUG_INFORMATION_FORMAT = "dwarf-with-dsym";
				ENABLE_NS_ASSERTIONS = NO;
				ENABLE_STRICT_OBJC_MSGSEND = YES;
				ENABLE_USER_SCRIPT_SANDBOXING = YES;
				GCC_C_LANGUAGE_STANDARD = gnu17;
				GCC_NO_COMMON_BLOCKS = YES;
				GCC_WARN_64_TO_32_BIT_CONVERSION = YES;
				GCC_WARN_ABOUT_RETURN_TYPE = YES_ERROR;
				GCC_WARN_UNDECLARED_SELECTOR = YES;
				GCC_WARN_UNINITIALIZED_AUTOS = YES_AGGRESSIVE;
				GCC_WARN_UNUSED_FUNCTION = YES;
				GCC_WARN_UNUSED_VARIABLE = YES;
				LOCALIZATION_PREFERS_STRING_CATALOGS = YES;
				MACOSX_DEPLOYMENT_TARGET = 15.2;
				MTL_ENABLE_DEBUG_INFO = NO;
				MTL_FAST_MATH = YES;
				SDKROOT = macosx;
				SWIFT_COMPILATION_MODE = wholemodule;
			};
			name = Release;
		};
		DAFFCD9A2DA18C07002AA224 /* Debug */ = {
			isa = XCBuildConfiguration;
			buildSettings = {
				ASSETCATALOG_COMPILER_APPICON_NAME = AppIcon;
				ASSETCATALOG_COMPILER_GLOBAL_ACCENT_COLOR_NAME = AccentColor;
				CODE_SIGN_ENTITLEMENTS = TI_1lab/TI_1lab.entitlements;
				"CODE_SIGN_IDENTITY[sdk=macosx*]" = "-";
				CODE_SIGN_STYLE = Automatic;
				COMBINE_HIDPI_IMAGES = YES;
				CURRENT_PROJECT_VERSION = 1;
				DEVELOPMENT_ASSET_PATHS = "\"TI_1lab/Preview Content\"";
				ENABLE_PREVIEWS = YES;
				GENERATE_INFOPLIST_FILE = YES;
				INFOPLIST_KEY_NSHumanReadableCopyright = "";
				LD_RUNPATH_SEARCH_PATHS = (
					"$(inherited)",
					"@executable_path/../Frameworks",
				);
				MARKETING_VERSION = 1.0;
				PRODUCT_BUNDLE_IDENTIFIER = "test.TI-1lab";
				PRODUCT_NAME = "$(TARGET_NAME)";
				SWIFT_EMIT_LOC_STRINGS = YES;
				SWIFT_VERSION = 5.0;
			};
			name = Debug;
		};
		DAFFCD9B2DA18C07002AA224 /* Release */ = {
			isa = XCBuildConfiguration;
			buildSettings = {
				ASSETCATALOG_COMPILER_APPICON_NAME = AppIcon;
				ASSETCATALOG_COMPILER_GLOBAL_ACCENT_COLOR_NAME = AccentColor;
				CODE_SIGN_ENTITLEMENTS = TI_1lab/TI_1lab.entitlements;
				"CODE_SIGN_IDENTITY[sdk=macosx*]" = "-";
				CODE_SIGN_STYLE = Automatic;
				COMBINE_HIDPI_IMAGES = YES;
				CURRENT_PROJECT_VERSION = 1;
				DEVELOPMENT_ASSET_PATHS = "\"TI_1lab/Preview Content\"";
				ENABLE_PREVIEWS = YES;
				GENERATE_INFOPLIST_FILE = YES;
				INFOPLIST_KEY_NSHumanReadableCopyright = "";
				LD_RUNPATH_SEARCH_PATHS = (
					"$(inherited)",
					"@executable_path/../Frameworks",
				);
				MARKETING_VERSION = 1.0;
				PRODUCT_BUNDLE_IDENTIFIER = "test.TI-1lab";
				PRODUCT_NAME = "$(TARGET_NAME)";
				SWIFT_EMIT_LOC_STRINGS = YES;
				SWIFT_VERSION = 5.0;
			};
			name = Release;
		};
		DAFFCD9D2DA18C07002AA224 /* Debug */ = {
			isa = XCBuildConfiguration;
			buildSettings = {
				BUNDLE_LOADER = "$(TEST_HOST)";
				CODE_SIGN_STYLE = Automatic;
				CURRENT_PROJECT_VERSION = 1;
				GENERATE_INFOPLIST_FILE = YES;
				MACOSX_DEPLOYMENT_TARGET = 15.2;
				MARKETING_VERSION = 1.0;
				PRODUCT_BUNDLE_IDENTIFIER = "test.TI-1labTests";
				PRODUCT_NAME = "$(TARGET_NAME)";
				SWIFT_EMIT_LOC_STRINGS = NO;
				SWIFT_VERSION = 5.0;
				TEST_HOST = "$(BUILT_PRODUCTS_DIR)/TI_1lab.app/$(BUNDLE_EXECUTABLE_FOLDER_PATH)/TI_1lab";
			};
			name = Debug;
		};
		DAFFCD9E2DA18C07002AA224 /* Release */ = {
			isa = XCBuildConfiguration;
			buildSettings = {
				BUNDLE_LOADER = "$(TEST_HOST)";
				CODE_SIGN_STYLE = Automatic;
				CURRENT_PROJECT_VERSION = 1;
				GENERATE_INFOPLIST_FILE = YES;
				MACOSX_DEPLOYMENT_TARGET = 15.2;
				MARKETING_VERSION = 1.0;
				PRODUCT_BUNDLE_IDENTIFIER = "test.TI-1labTests";
				PRODUCT_NAME = "$(TARGET_NAME)";
				SWIFT_EMIT_LOC_STRINGS = NO;
				SWIFT_VERSION = 5.0;
				TEST_HOST = "$(BUILT_PRODUCTS_DIR)/TI_1lab.app/$(BUNDLE_EXECUTABLE_FOLDER_PATH)/TI_1lab";
			};
			name = Release;
		};
		DAFFCDA02DA18C07002AA224 /* Debug */ = {
			isa = XCBuildConfiguration;
			buildSettings = {
				CODE_SIGN_STYLE = Automatic;
				CURRENT_PROJECT_VERSION = 1;
				GENERATE_INFOPLIST_FILE = YES;
				MARKETING_VERSION = 1.0;
				PRODUCT_BUNDLE_IDENTIFIER = "test.TI-1labUITests";
				PRODUCT_NAME = "$(TARGET_NAME)";
				SWIFT_EMIT_LOC_STRINGS = NO;
				SWIFT_VERSION = 5.0;
				TEST_TARGET_NAME = TI_1lab;
			};
			name = Debug;
		};
		DAFFCDA12DA18C07002AA224 /* Release */ = {
			isa = XCBuildConfiguration;
			buildSettings = {
				CODE_SIGN_STYLE = Automatic;
				CURRENT_PROJECT_VERSION = 1;
				GENERATE_INFOPLIST_FILE = YES;
				MARKETING_VERSION = 1.0;
				PRODUCT_BUNDLE_IDENTIFIER = "test.TI-1labUITests";
				PRODUCT_NAME = "$(TARGET_NAME)";
				SWIFT_EMIT_LOC_STRINGS = NO;
				SWIFT_VERSION = 5.0;
				TEST_TARGET_NAME = TI_1lab;
			};
			name = Release;
		};
/* End XCBuildConfiguration section */

/* Begin XCConfigurationList section */
		DAFFCD6F2DA18C05002AA224 /* Build configuration list for PBXProject "TI_1lab" */ = {
			isa = XCConfigurationList;
			buildConfigurations = (
				DAFFCD972DA18C07002AA224 /* Debug */,
				DAFFCD982DA18C07002AA224 /* Release */,
			);
			defaultConfigurationIsVisible = 0;
			defaultConfigurationName = Release;
		};
		DAFFCD992DA18C07002AA224 /* Build configuration list for PBXNativeTarget "TI_1lab" */ = {
			isa = XCConfigurationList;
			buildConfigurations = (
				DAFFCD9A2DA18C07002AA224 /* Debug */,
				DAFFCD9B2DA18C07002AA224 /* Release */,
			);
			defaultConfigurationIsVisible = 0;
			defaultConfigurationName = Release;
		};
		DAFFCD9C2DA18C07002AA224 /* Build configuration list for PBXNativeTarget "TI_1labTests" */ = {
			isa = XCConfigurationList;
			buildConfigurations = (
				DAFFCD9D2DA18C07002AA224 /* Debug */,
				DAFFCD9E2DA18C07002AA224 /* Release */,
			);
			defaultConfigurationIsVisible = 0;
			defaultConfigurationName = Release;
		};
		DAFFCD9F2DA18C07002AA224 /* Build configuration list for PBXNativeTarget "TI_1labUITests" */ = {
			isa = XCConfigurationList;
			buildConfigurations = (
				DAFFCDA02DA18C07002AA224 /* Debug */,
				DAFFCDA12DA18C07002AA224 /* Release */,
			);
			defaultConfigurationIsVisible = 0;
			defaultConfigurationName = Release;
		};
/* End XCConfigurationList section */
	};
	rootObject = DAFFCD6C2DA18C05002AA224 /* Project object */;
}
